// !$*UTF8*$!
{
	archiveVersion = 1;
	classes = {
	};
	objectVersion = 56;
	objects = {

/* Begin PBXBuildFile section */
		2270EF022B8676290074EB97 /* MapKit_TestApp.swift in Sources */ = {isa = PBXBuildFile; fileRef = 2270EF012B8676290074EB97 /* MapKit_TestApp.swift */; };
		2270EF042B8676290074EB97 /* ContentView.swift in Sources */ = {isa = PBXBuildFile; fileRef = 2270EF032B8676290074EB97 /* ContentView.swift */; };
		2270EF062B86762A0074EB97 /* Assets.xcassets in Resources */ = {isa = PBXBuildFile; fileRef = 2270EF052B86762A0074EB97 /* Assets.xcassets */; };
		2270EF092B86762A0074EB97 /* Preview Assets.xcassets in Resources */ = {isa = PBXBuildFile; fileRef = 2270EF082B86762A0074EB97 /* Preview Assets.xcassets */; };
		2270EF132B86762A0074EB97 /* MapKit_TestTests.swift in Sources */ = {isa = PBXBuildFile; fileRef = 2270EF122B86762A0074EB97 /* MapKit_TestTests.swift */; };
		2270EF1D2B86762A0074EB97 /* MapKit_TestUITests.swift in Sources */ = {isa = PBXBuildFile; fileRef = 2270EF1C2B86762A0074EB97 /* MapKit_TestUITests.swift */; };
		2270EF1F2B86762A0074EB97 /* MapKit_TestUITestsLaunchTests.swift in Sources */ = {isa = PBXBuildFile; fileRef = 2270EF1E2B86762A0074EB97 /* MapKit_TestUITestsLaunchTests.swift */; };
/* End PBXBuildFile section */

/* Begin PBXContainerItemProxy section */
		2270EF0F2B86762A0074EB97 /* PBXContainerItemProxy */ = {
			isa = PBXContainerItemProxy;
			containerPortal = 2270EEF62B8676290074EB97 /* Project object */;
			proxyType = 1;
			remoteGlobalIDString = 2270EEFD2B8676290074EB97;
			remoteInfo = "MapKit Test";
		};
		2270EF192B86762A0074EB97 /* PBXContainerItemProxy */ = {
			isa = PBXContainerItemProxy;
			containerPortal = 2270EEF62B8676290074EB97 /* Project object */;
			proxyType = 1;
			remoteGlobalIDString = 2270EEFD2B8676290074EB97;
			remoteInfo = "MapKit Test";
		};
/* End PBXContainerItemProxy section */

/* Begin PBXFileReference section */
		2270EEFE2B8676290074EB97 /* MapKit Test.app */ = {isa = PBXFileReference; explicitFileType = wrapper.application; includeInIndex = 0; path = "MapKit Test.app"; sourceTree = BUILT_PRODUCTS_DIR; };
		2270EF012B8676290074EB97 /* MapKit_TestApp.swift */ = {isa = PBXFileReference; lastKnownFileType = sourcecode.swift; path = MapKit_TestApp.swift; sourceTree = "<group>"; };
		2270EF032B8676290074EB97 /* ContentView.swift */ = {isa = PBXFileReference; lastKnownFileType = sourcecode.swift; path = ContentView.swift; sourceTree = "<group>"; };
		2270EF052B86762A0074EB97 /* Assets.xcassets */ = {isa = PBXFileReference; lastKnownFileType = folder.assetcatalog; path = Assets.xcassets; sourceTree = "<group>"; };
		2270EF082B86762A0074EB97 /* Preview Assets.xcassets */ = {isa = PBXFileReference; lastKnownFileType = folder.assetcatalog; path = "Preview Assets.xcassets"; sourceTree = "<group>"; };
		2270EF0E2B86762A0074EB97 /* MapKit TestTests.xctest */ = {isa = PBXFileReference; explicitFileType = wrapper.cfbundle; includeInIndex = 0; path = "MapKit TestTests.xctest"; sourceTree = BUILT_PRODUCTS_DIR; };
		2270EF122B86762A0074EB97 /* MapKit_TestTests.swift */ = {isa = PBXFileReference; lastKnownFileType = sourcecode.swift; path = MapKit_TestTests.swift; sourceTree = "<group>"; };
		2270EF182B86762A0074EB97 /* MapKit TestUITests.xctest */ = {isa = PBXFileReference; explicitFileType = wrapper.cfbundle; includeInIndex = 0; path = "MapKit TestUITests.xctest"; sourceTree = BUILT_PRODUCTS_DIR; };
		2270EF1C2B86762A0074EB97 /* MapKit_TestUITests.swift */ = {isa = PBXFileReference; lastKnownFileType = sourcecode.swift; path = MapKit_TestUITests.swift; sourceTree = "<group>"; };
		2270EF1E2B86762A0074EB97 /* MapKit_TestUITestsLaunchTests.swift */ = {isa = PBXFileReference; lastKnownFileType = sourcecode.swift; path = MapKit_TestUITestsLaunchTests.swift; sourceTree = "<group>"; };
/* End PBXFileReference section */

/* Begin PBXFrameworksBuildPhase section */
		2270EEFB2B8676290074EB97 /* Frameworks */ = {
			isa = PBXFrameworksBuildPhase;
			buildActionMask = 2147483647;
			files = (
			);
			runOnlyForDeploymentPostprocessing = 0;
		};
		2270EF0B2B86762A0074EB97 /* Frameworks */ = {
			isa = PBXFrameworksBuildPhase;
			buildActionMask = 2147483647;
			files = (
			);
			runOnlyForDeploymentPostprocessing = 0;
		};
		2270EF152B86762A0074EB97 /* Frameworks */ = {
			isa = PBXFrameworksBuildPhase;
			buildActionMask = 2147483647;
			files = (
			);
			runOnlyForDeploymentPostprocessing = 0;
		};
/* End PBXFrameworksBuildPhase section */

/* Begin PBXGroup section */
		2270EEF52B8676290074EB97 = {
			isa = PBXGroup;
			children = (
				2270EF002B8676290074EB97 /* MapKit Test */,
				2270EF112B86762A0074EB97 /* MapKit TestTests */,
				2270EF1B2B86762A0074EB97 /* MapKit TestUITests */,
				2270EEFF2B8676290074EB97 /* Products */,
			);
			sourceTree = "<group>";
		};
		2270EEFF2B8676290074EB97 /* Products */ = {
			isa = PBXGroup;
			children = (
				2270EEFE2B8676290074EB97 /* MapKit Test.app */,
				2270EF0E2B86762A0074EB97 /* MapKit TestTests.xctest */,
				2270EF182B86762A0074EB97 /* MapKit TestUITests.xctest */,
			);
			name = Products;
			sourceTree = "<group>";
		};
		2270EF002B8676290074EB97 /* MapKit Test */ = {
			isa = PBXGroup;
			children = (
				2270EF012B8676290074EB97 /* MapKit_TestApp.swift */,
				2270EF032B8676290074EB97 /* ContentView.swift */,
				2270EF052B86762A0074EB97 /* Assets.xcassets */,
				2270EF072B86762A0074EB97 /* Preview Content */,
			);
			path = "MapKit Test";
			sourceTree = "<group>";
		};
		2270EF072B86762A0074EB97 /* Preview Content */ = {
			isa = PBXGroup;
			children = (
				2270EF082B86762A0074EB97 /* Preview Assets.xcassets */,
			);
			path = "Preview Content";
			sourceTree = "<group>";
		};
		2270EF112B86762A0074EB97 /* MapKit TestTests */ = {
			isa = PBXGroup;
			children = (
				2270EF122B86762A0074EB97 /* MapKit_TestTests.swift */,
			);
			path = "MapKit TestTests";
			sourceTree = "<group>";
		};
		2270EF1B2B86762A0074EB97 /* MapKit TestUITests */ = {
			isa = PBXGroup;
			children = (
				2270EF1C2B86762A0074EB97 /* MapKit_TestUITests.swift */,
				2270EF1E2B86762A0074EB97 /* MapKit_TestUITestsLaunchTests.swift */,
			);
			path = "MapKit TestUITests";
			sourceTree = "<group>";
		};
/* End PBXGroup section */

/* Begin PBXNativeTarget section */
		2270EEFD2B8676290074EB97 /* MapKit Test */ = {
			isa = PBXNativeTarget;
			buildConfigurationList = 2270EF222B86762A0074EB97 /* Build configuration list for PBXNativeTarget "MapKit Test" */;
			buildPhases = (
				2270EEFA2B8676290074EB97 /* Sources */,
				2270EEFB2B8676290074EB97 /* Frameworks */,
				2270EEFC2B8676290074EB97 /* Resources */,
			);
			buildRules = (
			);
			dependencies = (
			);
			name = "MapKit Test";
			productName = "MapKit Test";
			productReference = 2270EEFE2B8676290074EB97 /* MapKit Test.app */;
			productType = "com.apple.product-type.application";
		};
		2270EF0D2B86762A0074EB97 /* MapKit TestTests */ = {
			isa = PBXNativeTarget;
			buildConfigurationList = 2270EF252B86762A0074EB97 /* Build configuration list for PBXNativeTarget "MapKit TestTests" */;
			buildPhases = (
				2270EF0A2B86762A0074EB97 /* Sources */,
				2270EF0B2B86762A0074EB97 /* Frameworks */,
				2270EF0C2B86762A0074EB97 /* Resources */,
			);
			buildRules = (
			);
			dependencies = (
				2270EF102B86762A0074EB97 /* PBXTargetDependency */,
			);
			name = "MapKit TestTests";
			productName = "MapKit TestTests";
			productReference = 2270EF0E2B86762A0074EB97 /* MapKit TestTests.xctest */;
			productType = "com.apple.product-type.bundle.unit-test";
		};
		2270EF172B86762A0074EB97 /* MapKit TestUITests */ = {
			isa = PBXNativeTarget;
			buildConfigurationList = 2270EF282B86762A0074EB97 /* Build configuration list for PBXNativeTarget "MapKit TestUITests" */;
			buildPhases = (
				2270EF142B86762A0074EB97 /* Sources */,
				2270EF152B86762A0074EB97 /* Frameworks */,
				2270EF162B86762A0074EB97 /* Resources */,
			);
			buildRules = (
			);
			dependencies = (
				2270EF1A2B86762A0074EB97 /* PBXTargetDependency */,
			);
			name = "MapKit TestUITests";
			productName = "MapKit TestUITests";
			productReference = 2270EF182B86762A0074EB97 /* MapKit TestUITests.xctest */;
			productType = "com.apple.product-type.bundle.ui-testing";
		};
/* End PBXNativeTarget section */

/* Begin PBXProject section */
		2270EEF62B8676290074EB97 /* Project object */ = {
			isa = PBXProject;
			attributes = {
				BuildIndependentTargetsInParallel = 1;
				LastSwiftUpdateCheck = 1520;
				LastUpgradeCheck = 1520;
				TargetAttributes = {
					2270EEFD2B8676290074EB97 = {
						CreatedOnToolsVersion = 15.2;
					};
					2270EF0D2B86762A0074EB97 = {
						CreatedOnToolsVersion = 15.2;
						TestTargetID = 2270EEFD2B8676290074EB97;
					};
					2270EF172B86762A0074EB97 = {
						CreatedOnToolsVersion = 15.2;
						TestTargetID = 2270EEFD2B8676290074EB97;
					};
				};
			};
			buildConfigurationList = 2270EEF92B8676290074EB97 /* Build configuration list for PBXProject "MapKit Test" */;
			compatibilityVersion = "Xcode 14.0";
			developmentRegion = en;
			hasScannedForEncodings = 0;
			knownRegions = (
				en,
				Base,
			);
			mainGroup = 2270EEF52B8676290074EB97;
			productRefGroup = 2270EEFF2B8676290074EB97 /* Products */;
			projectDirPath = "";
			projectRoot = "";
			targets = (
				2270EEFD2B8676290074EB97 /* MapKit Test */,
				2270EF0D2B86762A0074EB97 /* MapKit TestTests */,
				2270EF172B86762A0074EB97 /* MapKit TestUITests */,
			);
		};
/* End PBXProject section */

/* Begin PBXResourcesBuildPhase section */
		2270EEFC2B8676290074EB97 /* Resources */ = {
			isa = PBXResourcesBuildPhase;
			buildActionMask = 2147483647;
			files = (
				2270EF092B86762A0074EB97 /* Preview Assets.xcassets in Resources */,
				2270EF062B86762A0074EB97 /* Assets.xcassets in Resources */,
			);
			runOnlyForDeploymentPostprocessing = 0;
		};
		2270EF0C2B86762A0074EB97 /* Resources */ = {
			isa = PBXResourcesBuildPhase;
			buildActionMask = 2147483647;
			files = (
			);
			runOnlyForDeploymentPostprocessing = 0;
		};
		2270EF162B86762A0074EB97 /* Resources */ = {
			isa = PBXResourcesBuildPhase;
			buildActionMask = 2147483647;
			files = (
			);
			runOnlyForDeploymentPostprocessing = 0;
		};
/* End PBXResourcesBuildPhase section */

/* Begin PBXSourcesBuildPhase section */
		2270EEFA2B8676290074EB97 /* Sources */ = {
			isa = PBXSourcesBuildPhase;
			buildActionMask = 2147483647;
			files = (
				2270EF042B8676290074EB97 /* ContentView.swift in Sources */,
				2270EF022B8676290074EB97 /* MapKit_TestApp.swift in Sources */,
			);
			runOnlyForDeploymentPostprocessing = 0;
		};
		2270EF0A2B86762A0074EB97 /* Sources */ = {
			isa = PBXSourcesBuildPhase;
			buildActionMask = 2147483647;
			files = (
				2270EF132B86762A0074EB97 /* MapKit_TestTests.swift in Sources */,
			);
			runOnlyForDeploymentPostprocessing = 0;
		};
		2270EF142B86762A0074EB97 /* Sources */ = {
			isa = PBXSourcesBuildPhase;
			buildActionMask = 2147483647;
			files = (
				2270EF1F2B86762A0074EB97 /* MapKit_TestUITestsLaunchTests.swift in Sources */,
				2270EF1D2B86762A0074EB97 /* MapKit_TestUITests.swift in Sources */,
			);
			runOnlyForDeploymentPostprocessing = 0;
		};
/* End PBXSourcesBuildPhase section */

/* Begin PBXTargetDependency section */
		2270EF102B86762A0074EB97 /* PBXTargetDependency */ = {
			isa = PBXTargetDependency;
			target = 2270EEFD2B8676290074EB97 /* MapKit Test */;
			targetProxy = 2270EF0F2B86762A0074EB97 /* PBXContainerItemProxy */;
		};
		2270EF1A2B86762A0074EB97 /* PBXTargetDependency */ = {
			isa = PBXTargetDependency;
			target = 2270EEFD2B8676290074EB97 /* MapKit Test */;
			targetProxy = 2270EF192B86762A0074EB97 /* PBXContainerItemProxy */;
		};
/* End PBXTargetDependency section */

/* Begin XCBuildConfiguration section */
		2270EF202B86762A0074EB97 /* Debug */ = {
			isa = XCBuildConfiguration;
			buildSettings = {
				ALWAYS_SEARCH_USER_PATHS = NO;
				ASSETCATALOG_COMPILER_GENERATE_SWIFT_ASSET_SYMBOL_EXTENSIONS = YES;
				CLANG_ANALYZER_NONNULL = YES;
				CLANG_ANALYZER_NUMBER_OBJECT_CONVERSION = YES_AGGRESSIVE;
				CLANG_CXX_LANGUAGE_STANDARD = "gnu++20";
				CLANG_ENABLE_MODULES = YES;
				CLANG_ENABLE_OBJC_ARC = YES;
				CLANG_ENABLE_OBJC_WEAK = YES;
				CLANG_WARN_BLOCK_CAPTURE_AUTORELEASING = YES;
				CLANG_WARN_BOOL_CONVERSION = YES;
				CLANG_WARN_COMMA = YES;
				CLANG_WARN_CONSTANT_CONVERSION = YES;
				CLANG_WARN_DEPRECATED_OBJC_IMPLEMENTATIONS = YES;
				CLANG_WARN_DIRECT_OBJC_ISA_USAGE = YES_ERROR;
				CLANG_WARN_DOCUMENTATION_COMMENTS = YES;
				CLANG_WARN_EMPTY_BODY = YES;
				CLANG_WARN_ENUM_CONVERSION = YES;
				CLANG_WARN_INFINITE_RECURSION = YES;
				CLANG_WARN_INT_CONVERSION = YES;
				CLANG_WARN_NON_LITERAL_NULL_CONVERSION = YES;
				CLANG_WARN_OBJC_IMPLICIT_RETAIN_SELF = YES;
				CLANG_WARN_OBJC_LITERAL_CONVERSION = YES;
				CLANG_WARN_OBJC_ROOT_CLASS = YES_ERROR;
				CLANG_WARN_QUOTED_INCLUDE_IN_FRAMEWORK_HEADER = YES;
				CLANG_WARN_RANGE_LOOP_ANALYSIS = YES;
				CLANG_WARN_STRICT_PROTOTYPES = YES;
				CLANG_WARN_SUSPICIOUS_MOVE = YES;
				CLANG_WARN_UNGUARDED_AVAILABILITY = YES_AGGRESSIVE;
				CLANG_WARN_UNREACHABLE_CODE = YES;
				CLANG_WARN__DUPLICATE_METHOD_MATCH = YES;
				COPY_PHASE_STRIP = NO;
				DEBUG_INFORMATION_FORMAT = dwarf;
				ENABLE_STRICT_OBJC_MSGSEND = YES;
				ENABLE_TESTABILITY = YES;
				ENABLE_USER_SCRIPT_SANDBOXING = YES;
				GCC_C_LANGUAGE_STANDARD = gnu17;
				GCC_DYNAMIC_NO_PIC = NO;
				GCC_NO_COMMON_BLOCKS = YES;
				GCC_OPTIMIZATION_LEVEL = 0;
				GCC_PREPROCESSOR_DEFINITIONS = (
					"DEBUG=1",
					"$(inherited)",
				);
				GCC_WARN_64_TO_32_BIT_CONVERSION = YES;
				GCC_WARN_ABOUT_RETURN_TYPE = YES_ERROR;
				GCC_WARN_UNDECLARED_SELECTOR = YES;
				GCC_WARN_UNINITIALIZED_AUTOS = YES_AGGRESSIVE;
				GCC_WARN_UNUSED_FUNCTION = YES;
				GCC_WARN_UNUSED_VARIABLE = YES;
				IPHONEOS_DEPLOYMENT_TARGET = 17.2;
				LOCALIZATION_PREFERS_STRING_CATALOGS = YES;
				MTL_ENABLE_DEBUG_INFO = INCLUDE_SOURCE;
				MTL_FAST_MATH = YES;
				ONLY_ACTIVE_ARCH = YES;
				SDKROOT = iphoneos;
				SWIFT_ACTIVE_COMPILATION_CONDITIONS = "DEBUG $(inherited)";
				SWIFT_OPTIMIZATION_LEVEL = "-Onone";
			};
			name = Debug;
		};
		2270EF212B86762A0074EB97 /* Release */ = {
			isa = XCBuildConfiguration;
			buildSettings = {
				ALWAYS_SEARCH_USER_PATHS = NO;
				ASSETCATALOG_COMPILER_GENERATE_SWIFT_ASSET_SYMBOL_EXTENSIONS = YES;
				CLANG_ANALYZER_NONNULL = YES;
				CLANG_ANALYZER_NUMBER_OBJECT_CONVERSION = YES_AGGRESSIVE;
				CLANG_CXX_LANGUAGE_STANDARD = "gnu++20";
				CLANG_ENABLE_MODULES = YES;
				CLANG_ENABLE_OBJC_ARC = YES;
				CLANG_ENABLE_OBJC_WEAK = YES;
				CLANG_WARN_BLOCK_CAPTURE_AUTORELEASING = YES;
				CLANG_WARN_BOOL_CONVERSION = YES;
				CLANG_WARN_COMMA = YES;
				CLANG_WARN_CONSTANT_CONVERSION = YES;
				CLANG_WARN_DEPRECATED_OBJC_IMPLEMENTATIONS = YES;
				CLANG_WARN_DIRECT_OBJC_ISA_USAGE = YES_ERROR;
				CLANG_WARN_DOCUMENTATION_COMMENTS = YES;
				CLANG_WARN_EMPTY_BODY = YES;
				CLANG_WARN_ENUM_CONVERSION = YES;
				CLANG_WARN_INFINITE_RECURSION = YES;
				CLANG_WARN_INT_CONVERSION = YES;
				CLANG_WARN_NON_LITERAL_NULL_CONVERSION = YES;
				CLANG_WARN_OBJC_IMPLICIT_RETAIN_SELF = YES;
				CLANG_WARN_OBJC_LITERAL_CONVERSION = YES;
				CLANG_WARN_OBJC_ROOT_CLASS = YES_ERROR;
				CLANG_WARN_QUOTED_INCLUDE_IN_FRAMEWORK_HEADER = YES;
				CLANG_WARN_RANGE_LOOP_ANALYSIS = YES;
				CLANG_WARN_STRICT_PROTOTYPES = YES;
				CLANG_WARN_SUSPICIOUS_MOVE = YES;
				CLANG_WARN_UNGUARDED_AVAILABILITY = YES_AGGRESSIVE;
				CLANG_WARN_UNREACHABLE_CODE = YES;
				CLANG_WARN__DUPLICATE_METHOD_MATCH = YES;
				COPY_PHASE_STRIP = NO;
				DEBUG_INFORMATION_FORMAT = "dwarf-with-dsym";
				ENABLE_NS_ASSERTIONS = NO;
				ENABLE_STRICT_OBJC_MSGSEND = YES;
				ENABLE_USER_SCRIPT_SANDBOXING = YES;
				GCC_C_LANGUAGE_STANDARD = gnu17;
				GCC_NO_COMMON_BLOCKS = YES;
				GCC_WARN_64_TO_32_BIT_CONVERSION = YES;
				GCC_WARN_ABOUT_RETURN_TYPE = YES_ERROR;
				GCC_WARN_UNDECLARED_SELECTOR = YES;
				GCC_WARN_UNINITIALIZED_AUTOS = YES_AGGRESSIVE;
				GCC_WARN_UNUSED_FUNCTION = YES;
				GCC_WARN_UNUSED_VARIABLE = YES;
				IPHONEOS_DEPLOYMENT_TARGET = 17.2;
				LOCALIZATION_PREFERS_STRING_CATALOGS = YES;
				MTL_ENABLE_DEBUG_INFO = NO;
				MTL_FAST_MATH = YES;
				SDKROOT = iphoneos;
				SWIFT_COMPILATION_MODE = wholemodule;
				VALIDATE_PRODUCT = YES;
			};
			name = Release;
		};
		2270EF232B86762A0074EB97 /* Debug */ = {
			isa = XCBuildConfiguration;
			buildSettings = {
				ASSETCATALOG_COMPILER_APPICON_NAME = AppIcon;
				ASSETCATALOG_COMPILER_GLOBAL_ACCENT_COLOR_NAME = AccentColor;
				CODE_SIGN_STYLE = Automatic;
				CURRENT_PROJECT_VERSION = 1;
				DEVELOPMENT_ASSET_PATHS = "\"MapKit Test/Preview Content\"";
				DEVELOPMENT_TEAM = GL533HBQ7U;
				ENABLE_PREVIEWS = YES;
				GENERATE_INFOPLIST_FILE = YES;
				INFOPLIST_KEY_UIApplicationSceneManifest_Generation = YES;
				INFOPLIST_KEY_UIApplicationSupportsIndirectInputEvents = YES;
				INFOPLIST_KEY_UILaunchScreen_Generation = YES;
				INFOPLIST_KEY_UISupportedInterfaceOrientations_iPad = "UIInterfaceOrientationPortrait UIInterfaceOrientationPortraitUpsideDown UIInterfaceOrientationLandscapeLeft UIInterfaceOrientationLandscapeRight";
				INFOPLIST_KEY_UISupportedInterfaceOrientations_iPhone = "UIInterfaceOrientationPortrait UIInterfaceOrientationLandscapeLeft UIInterfaceOrientationLandscapeRight";
				LD_RUNPATH_SEARCH_PATHS = (
					"$(inherited)",
					"@executable_path/Frameworks",
				);
				MARKETING_VERSION = 1.0;
				PRODUCT_BUNDLE_IDENTIFIER = "Personal.MapKit-Test";
				PRODUCT_NAME = "$(TARGET_NAME)";
				SWIFT_EMIT_LOC_STRINGS = YES;
				SWIFT_VERSION = 5.0;
				TARGETED_DEVICE_FAMILY = "1,2";
			};
			name = Debug;
		};
		2270EF242B86762A0074EB97 /* Release */ = {
			isa = XCBuildConfiguration;
			buildSettings = {
				ASSETCATALOG_COMPILER_APPICON_NAME = AppIcon;
				ASSETCATALOG_COMPILER_GLOBAL_ACCENT_COLOR_NAME = AccentColor;
				CODE_SIGN_STYLE = Automatic;
				CURRENT_PROJECT_VERSION = 1;
				DEVELOPMENT_ASSET_PATHS = "\"MapKit Test/Preview Content\"";
				DEVELOPMENT_TEAM = GL533HBQ7U;
				ENABLE_PREVIEWS = YES;
				GENERATE_INFOPLIST_FILE = YES;
				INFOPLIST_KEY_UIApplicationSceneManifest_Generation = YES;
				INFOPLIST_KEY_UIApplicationSupportsIndirectInputEvents = YES;
				INFOPLIST_KEY_UILaunchScreen_Generation = YES;
				INFOPLIST_KEY_UISupportedInterfaceOrientations_iPad = "UIInterfaceOrientationPortrait UIInterfaceOrientationPortraitUpsideDown UIInterfaceOrientationLandscapeLeft UIInterfaceOrientationLandscapeRight";
				INFOPLIST_KEY_UISupportedInterfaceOrientations_iPhone = "UIInterfaceOrientationPortrait UIInterfaceOrientationLandscapeLeft UIInterfaceOrientationLandscapeRight";
				LD_RUNPATH_SEARCH_PATHS = (
					"$(inherited)",
					"@executable_path/Frameworks",
				);
				MARKETING_VERSION = 1.0;
				PRODUCT_BUNDLE_IDENTIFIER = "Personal.MapKit-Test";
				PRODUCT_NAME = "$(TARGET_NAME)";
				SWIFT_EMIT_LOC_STRINGS = YES;
				SWIFT_VERSION = 5.0;
				TARGETED_DEVICE_FAMILY = "1,2";
			};
			name = Release;
		};
		2270EF262B86762A0074EB97 /* Debug */ = {
			isa = XCBuildConfiguration;
			buildSettings = {
				ALWAYS_EMBED_SWIFT_STANDARD_LIBRARIES = YES;
				BUNDLE_LOADER = "$(TEST_HOST)";
				CODE_SIGN_STYLE = Automatic;
				CURRENT_PROJECT_VERSION = 1;
				DEVELOPMENT_TEAM = GL533HBQ7U;
				GENERATE_INFOPLIST_FILE = YES;
				IPHONEOS_DEPLOYMENT_TARGET = 17.2;
				MARKETING_VERSION = 1.0;
				PRODUCT_BUNDLE_IDENTIFIER = "Personal.MapKit-TestTests";
				PRODUCT_NAME = "$(TARGET_NAME)";
				SWIFT_EMIT_LOC_STRINGS = NO;
				SWIFT_VERSION = 5.0;
				TARGETED_DEVICE_FAMILY = "1,2";
				TEST_HOST = "$(BUILT_PRODUCTS_DIR)/MapKit Test.app/$(BUNDLE_EXECUTABLE_FOLDER_PATH)/MapKit Test";
			};
			name = Debug;
		};
		2270EF272B86762A0074EB97 /* Release */ = {
			isa = XCBuildConfiguration;
			buildSettings = {
				ALWAYS_EMBED_SWIFT_STANDARD_LIBRARIES = YES;
				BUNDLE_LOADER = "$(TEST_HOST)";
				CODE_SIGN_STYLE = Automatic;
				CURRENT_PROJECT_VERSION = 1;
				DEVELOPMENT_TEAM = GL533HBQ7U;
				GENERATE_INFOPLIST_FILE = YES;
				IPHONEOS_DEPLOYMENT_TARGET = 17.2;
				MARKETING_VERSION = 1.0;
				PRODUCT_BUNDLE_IDENTIFIER = "Personal.MapKit-TestTests";
				PRODUCT_NAME = "$(TARGET_NAME)";
				SWIFT_EMIT_LOC_STRINGS = NO;
				SWIFT_VERSION = 5.0;
				TARGETED_DEVICE_FAMILY = "1,2";
				TEST_HOST = "$(BUILT_PRODUCTS_DIR)/MapKit Test.app/$(BUNDLE_EXECUTABLE_FOLDER_PATH)/MapKit Test";
			};
			name = Release;
		};
		2270EF292B86762A0074EB97 /* Debug */ = {
			isa = XCBuildConfiguration;
			buildSettings = {
				ALWAYS_EMBED_SWIFT_STANDARD_LIBRARIES = YES;
				CODE_SIGN_STYLE = Automatic;
				CURRENT_PROJECT_VERSION = 1;
				DEVELOPMENT_TEAM = GL533HBQ7U;
				GENERATE_INFOPLIST_FILE = YES;
				MARKETING_VERSION = 1.0;
				PRODUCT_BUNDLE_IDENTIFIER = "Personal.MapKit-TestUITests";
				PRODUCT_NAME = "$(TARGET_NAME)";
				SWIFT_EMIT_LOC_STRINGS = NO;
				SWIFT_VERSION = 5.0;
				TARGETED_DEVICE_FAMILY = "1,2";
				TEST_TARGET_NAME = "MapKit Test";
			};
			name = Debug;
		};
		2270EF2A2B86762A0074EB97 /* Release */ = {
			isa = XCBuildConfiguration;
			buildSettings = {
				ALWAYS_EMBED_SWIFT_STANDARD_LIBRARIES = YES;
				CODE_SIGN_STYLE = Automatic;
				CURRENT_PROJECT_VERSION = 1;
				DEVELOPMENT_TEAM = GL533HBQ7U;
				GENERATE_INFOPLIST_FILE = YES;
				MARKETING_VERSION = 1.0;
				PRODUCT_BUNDLE_IDENTIFIER = "Personal.MapKit-TestUITests";
				PRODUCT_NAME = "$(TARGET_NAME)";
				SWIFT_EMIT_LOC_STRINGS = NO;
				SWIFT_VERSION = 5.0;
				TARGETED_DEVICE_FAMILY = "1,2";
				TEST_TARGET_NAME = "MapKit Test";
			};
			name = Release;
		};
/* End XCBuildConfiguration section */

/* Begin XCConfigurationList section */
		2270EEF92B8676290074EB97 /* Build configuration list for PBXProject "MapKit Test" */ = {
			isa = XCConfigurationList;
			buildConfigurations = (
				2270EF202B86762A0074EB97 /* Debug */,
				2270EF212B86762A0074EB97 /* Release */,
			);
			defaultConfigurationIsVisible = 0;
			defaultConfigurationName = Release;
		};
		2270EF222B86762A0074EB97 /* Build configuration list for PBXNativeTarget "MapKit Test" */ = {
			isa = XCConfigurationList;
			buildConfigurations = (
				2270EF232B86762A0074EB97 /* Debug */,
				2270EF242B86762A0074EB97 /* Release */,
			);
			defaultConfigurationIsVisible = 0;
			defaultConfigurationName = Release;
		};
		2270EF252B86762A0074EB97 /* Build configuration list for PBXNativeTarget "MapKit TestTests" */ = {
			isa = XCConfigurationList;
			buildConfigurations = (
				2270EF262B86762A0074EB97 /* Debug */,
				2270EF272B86762A0074EB97 /* Release */,
			);
			defaultConfigurationIsVisible = 0;
			defaultConfigurationName = Release;
		};
		2270EF282B86762A0074EB97 /* Build configuration list for PBXNativeTarget "MapKit TestUITests" */ = {
			isa = XCConfigurationList;
			buildConfigurations = (
				2270EF292B86762A0074EB97 /* Debug */,
				2270EF2A2B86762A0074EB97 /* Release */,
			);
			defaultConfigurationIsVisible = 0;
			defaultConfigurationName = Release;
		};
/* End XCConfigurationList section */
	};
	rootObject = 2270EEF62B8676290074EB97 /* Project object */;
}
